
Microsoft Visual Studio Solution File, Format Version 12.00
# Visual Studio Version 17
VisualStudioVersion = 17.14.37012.4 d17.14
MinimumVisualStudioVersion = 10.0.40219.1
Project("{FAE04EC0-301F-11D3-BF4B-00C04F79EFBC}") = "Object-Detection", "Object-Detection.csproj", "{3C2084CE-0E29-4B53-9CE8-410DEC678E5B}"
EndProject
Global
	GlobalSection(SolutionConfigurationPlatforms) = preSolution
		Debug|Any CPU = Debug|Any CPU
		Release|Any CPU = Release|Any CPU
	EndGlobalSection
	GlobalSection(ProjectConfigurationPlatforms) = postSolution
		{3C2084CE-0E29-4B53-9CE8-410DEC678E5B}.Debug|Any CPU.ActiveCfg = Debug|Any CPU
		{3C2084CE-0E29-4B53-9CE8-410DEC678E5B}.Debug|Any CPU.Build.0 = Debug|Any CPU
		{3C2084CE-0E29-4B53-9CE8-410DEC678E5B}.Release|Any CPU.ActiveCfg = Release|Any CPU
		{3C2084CE-0E29-4B53-9CE8-410DEC678E5B}.Release|Any CPU.Build.0 = Release|Any CPU
	EndGlobalSection
	GlobalSection(SolutionProperties) = preSolution
		HideSolutionNode = FALSE
	EndGlobalSection
	GlobalSection(ExtensibilityGlobals) = postSolution
		SolutionGuid = {1791CC29-7C30-4E07-880E-4779F8F6DC60}
	EndGlobalSection
EndGlobal
